
Microsoft Visual Studio Solution File, Format Version 12.00
# Visual Studio Version 16
VisualStudioVersion = 16.0.28922.388
MinimumVisualStudioVersion = 10.0.40219.1
Project("{FAE04EC0-301F-11D3-BF4B-00C04F79EFBC}") = "AdsBoard", "AdsBoard.csproj", "{A1DB9520-C30E-4CC3-8897-DE4DEDB1C244}"
EndProject
Global
	GlobalSection(SolutionConfigurationPlatforms) = preSolution
		Debug|Any CPU = Debug|Any CPU
		Release|Any CPU = Release|Any CPU
	EndGlobalSection
	GlobalSection(ProjectConfigurationPlatforms) = postSolution
		{A1DB9520-C30E-4CC3-8897-DE4DEDB1C244}.Debug|Any CPU.ActiveCfg = Debug|Any CPU
		{A1DB9520-C30E-4CC3-8897-DE4DEDB1C244}.Debug|Any CPU.Build.0 = Debug|Any CPU
		{A1DB9520-C30E-4CC3-8897-DE4DEDB1C244}.Release|Any CPU.ActiveCfg = Release|Any CPU
		{A1DB9520-C30E-4CC3-8897-DE4DEDB1C244}.Release|Any CPU.Build.0 = Release|Any CPU
	EndGlobalSection
	GlobalSection(SolutionProperties) = preSolution
		HideSolutionNode = FALSE
	EndGlobalSection
	GlobalSection(ExtensibilityGlobals) = postSolution
		SolutionGuid = {5B7587AC-0A9A-4136-B05D-369D10EB1147}
	EndGlobalSection
EndGlobal
